{
    "_meta": {
        "hash": {
            "sha256": "acdbb90b4fcec09e0ded2d765d9a5703de1b24089ef964eca3e424fc6a2ada51"
        },
        "pipfile-spec": 6,
        "requires": {
            "python_version": "3.7"
        },
        "sources": [
            {
                "name": "pypi",
                "url": "https://pypi.org/simple",
                "verify_ssl": true
            }
        ]
    },
    "default": {
        "defusedxml": {
            "hashes": [
                "sha256:6687150770438374ab581bb7a1b327a847dd9c5749e396102de3fad4e8a3ef93",
                "sha256:f684034d135af4c6cbb949b8a4d2ed61634515257a67299e5f940fbaa34377f5"
            ],
            "version": "==0.6.0"
        },
        "lml": {
            "hashes": [
                "sha256:b1bef669dc077a1075fa64b99229b6341085b3b3a98d29c66df1853cc14e6c1a",
                "sha256:ea5ba817b4adc9e9f5c21725cd2475f912933b7e2dfdf0792aed80077154f63f"
            ],
            "version": "==0.0.9"
        },
        "odfpy": {
            "hashes": [
                "sha256:596021f0519623ca8717331951c95e3b8d7b21e86edc7efe8cb650a0d0f59a2b"
            ],
            "version": "==1.4.0"
        },
        "pyexcel-io": {
            "hashes": [
                "sha256:08dfe39553b996359b143de3d9ec43e196f1138d47cabb73af04a16821b84d79",
                "sha256:2cba956814e72b66072d97b00ede4a084ad881ce72129088eb0dc3c7f3d670cd"
            ],
            "version": "==0.5.20"
        },
        "pyexcel-ods": {
            "hashes": [
                "sha256:3be52fd8aaddbd8bc9286f7eb148f4553d4c97252d695c3a9ec7b95e6666a223",
                "sha256:e8d1137da99599e6053c056c21ca601d90f8e000b4db9db679302bbf55d15c0f"
            ],
            "index": "pypi",
            "version": "==0.5.6"
        }
    },
    "develop": {}
}
